// !$*UTF8*$!
{
	archiveVersion = 1;
	classes = {
	};
	objectVersion = 56;
	objects = {

/* Begin PBXBuildFile section */
		791CEB4C29DC316900355099 /* README.md in Resources */ = {isa = PBXBuildFile; fileRef = 791CEB4B29DC316900355099 /* README.md */; };
		79A28CD529DC2E49005DEBBB /* Assets.xcassets in Resources */ = {isa = PBXBuildFile; fileRef = 79A28CC829DC2E49005DEBBB /* Assets.xcassets */; };
		79A28CD629DC2E49005DEBBB /* Preview Assets.xcassets in Resources */ = {isa = PBXBuildFile; fileRef = 79A28CCA29DC2E49005DEBBB /* Preview Assets.xcassets */; };
		79A28CD729DC2E49005DEBBB /* GPCounterViewModel.swift in Sources */ = {isa = PBXBuildFile; fileRef = 79A28CCD29DC2E49005DEBBB /* GPCounterViewModel.swift */; };
		79A28CD829DC2E49005DEBBB /* GPUserDefaultValues+counter.swift in Sources */ = {isa = PBXBuildFile; fileRef = 79A28CCF29DC2E49005DEBBB /* GPUserDefaultValues+counter.swift */; };
		79A28CD929DC2E49005DEBBB /* GPSimpleCounterView.swift in Sources */ = {isa = PBXBuildFile; fileRef = 79A28CD129DC2E49005DEBBB /* GPSimpleCounterView.swift */; };
		79A28CDA29DC2E49005DEBBB /* GPComplexCounterView.swift in Sources */ = {isa = PBXBuildFile; fileRef = 79A28CD229DC2E49005DEBBB /* GPComplexCounterView.swift */; };
		79A28CDB29DC2E49005DEBBB /* GPApp.swift in Sources */ = {isa = PBXBuildFile; fileRef = 79A28CD329DC2E49005DEBBB /* GPApp.swift */; };
		79A28CDC29DC2E49005DEBBB /* GPContentView.swift in Sources */ = {isa = PBXBuildFile; fileRef = 79A28CD429DC2E49005DEBBB /* GPContentView.swift */; };
		79CA473129DC2D9E009FA6C0 /* GPStorageKit in Frameworks */ = {isa = PBXBuildFile; productRef = 79CA473029DC2D9E009FA6C0 /* GPStorageKit */; };
/* End PBXBuildFile section */

/* Begin PBXFileReference section */
		791CEB4B29DC316900355099 /* README.md */ = {isa = PBXFileReference; fileEncoding = 4; lastKnownFileType = net.daringfireball.markdown; path = README.md; sourceTree = "<group>"; };
		79A28CC829DC2E49005DEBBB /* Assets.xcassets */ = {isa = PBXFileReference; lastKnownFileType = folder.assetcatalog; path = Assets.xcassets; sourceTree = "<group>"; };
		79A28CCA29DC2E49005DEBBB /* Preview Assets.xcassets */ = {isa = PBXFileReference; lastKnownFileType = folder.assetcatalog; path = "Preview Assets.xcassets"; sourceTree = "<group>"; };
		79A28CCD29DC2E49005DEBBB /* GPCounterViewModel.swift */ = {isa = PBXFileReference; fileEncoding = 4; lastKnownFileType = sourcecode.swift; path = GPCounterViewModel.swift; sourceTree = "<group>"; };
		79A28CCF29DC2E49005DEBBB /* GPUserDefaultValues+counter.swift */ = {isa = PBXFileReference; fileEncoding = 4; lastKnownFileType = sourcecode.swift; path = "GPUserDefaultValues+counter.swift"; sourceTree = "<group>"; };
		79A28CD129DC2E49005DEBBB /* GPSimpleCounterView.swift */ = {isa = PBXFileReference; fileEncoding = 4; lastKnownFileType = sourcecode.swift; path = GPSimpleCounterView.swift; sourceTree = "<group>"; };
		79A28CD229DC2E49005DEBBB /* GPComplexCounterView.swift */ = {isa = PBXFileReference; fileEncoding = 4; lastKnownFileType = sourcecode.swift; path = GPComplexCounterView.swift; sourceTree = "<group>"; };
		79A28CD329DC2E49005DEBBB /* GPApp.swift */ = {isa = PBXFileReference; fileEncoding = 4; lastKnownFileType = sourcecode.swift; path = GPApp.swift; sourceTree = "<group>"; };
		79A28CD429DC2E49005DEBBB /* GPContentView.swift */ = {isa = PBXFileReference; fileEncoding = 4; lastKnownFileType = sourcecode.swift; path = GPContentView.swift; sourceTree = "<group>"; };
		79CB11DD29DB4D9D0004CDBE /* iOS App.app */ = {isa = PBXFileReference; explicitFileType = wrapper.application; includeInIndex = 0; path = "iOS App.app"; sourceTree = BUILT_PRODUCTS_DIR; };
/* End PBXFileReference section */

/* Begin PBXFrameworksBuildPhase section */
		79CB11DA29DB4D9D0004CDBE /* Frameworks */ = {
			isa = PBXFrameworksBuildPhase;
			buildActionMask = 2147483647;
			files = (
				79CA473129DC2D9E009FA6C0 /* GPStorageKit in Frameworks */,
			);
			runOnlyForDeploymentPostprocessing = 0;
		};
/* End PBXFrameworksBuildPhase section */

/* Begin PBXGroup section */
		79A28CC729DC2E49005DEBBB /* iOS App */ = {
			isa = PBXGroup;
			children = (
				79A28CC829DC2E49005DEBBB /* Assets.xcassets */,
				79A28CC929DC2E49005DEBBB /* Preview Content */,
				79A28CCB29DC2E49005DEBBB /* User Defaults */,
				79A28CD329DC2E49005DEBBB /* GPApp.swift */,
				79A28CD429DC2E49005DEBBB /* GPContentView.swift */,
			);
			path = "iOS App";
			sourceTree = "<group>";
		};
		79A28CC929DC2E49005DEBBB /* Preview Content */ = {
			isa = PBXGroup;
			children = (
				79A28CCA29DC2E49005DEBBB /* Preview Assets.xcassets */,
			);
			path = "Preview Content";
			sourceTree = "<group>";
		};
		79A28CCB29DC2E49005DEBBB /* User Defaults */ = {
			isa = PBXGroup;
			children = (
				79A28CCC29DC2E49005DEBBB /* View Models */,
				79A28CCE29DC2E49005DEBBB /* Extensions */,
				79A28CD029DC2E49005DEBBB /* Views */,
			);
			path = "User Defaults";
			sourceTree = "<group>";
		};
		79A28CCC29DC2E49005DEBBB /* View Models */ = {
			isa = PBXGroup;
			children = (
				79A28CCD29DC2E49005DEBBB /* GPCounterViewModel.swift */,
			);
			path = "View Models";
			sourceTree = "<group>";
		};
		79A28CCE29DC2E49005DEBBB /* Extensions */ = {
			isa = PBXGroup;
			children = (
				79A28CCF29DC2E49005DEBBB /* GPUserDefaultValues+counter.swift */,
			);
			path = Extensions;
			sourceTree = "<group>";
		};
		79A28CD029DC2E49005DEBBB /* Views */ = {
			isa = PBXGroup;
			children = (
				79A28CD129DC2E49005DEBBB /* GPSimpleCounterView.swift */,
				79A28CD229DC2E49005DEBBB /* GPComplexCounterView.swift */,
			);
			path = Views;
			sourceTree = "<group>";
		};
		79CA472029DB4E7D009FA6C0 /* Packages */ = {
			isa = PBXGroup;
			children = (
			);
			name = Packages;
			sourceTree = "<group>";
		};
		79CA472229DB4E90009FA6C0 /* Frameworks */ = {
			isa = PBXGroup;
			children = (
			);
			name = Frameworks;
			sourceTree = "<group>";
		};
		79CB11D429DB4D9D0004CDBE = {
			isa = PBXGroup;
			children = (
				791CEB4B29DC316900355099 /* README.md */,
				79CA472029DB4E7D009FA6C0 /* Packages */,
				79A28CC729DC2E49005DEBBB /* iOS App */,
				79CB11DE29DB4D9D0004CDBE /* Products */,
				79CA472229DB4E90009FA6C0 /* Frameworks */,
			);
			sourceTree = "<group>";
		};
		79CB11DE29DB4D9D0004CDBE /* Products */ = {
			isa = PBXGroup;
			children = (
				79CB11DD29DB4D9D0004CDBE /* iOS App.app */,
			);
			name = Products;
			sourceTree = "<group>";
		};
/* End PBXGroup section */

/* Begin PBXNativeTarget section */
		79CB11DC29DB4D9D0004CDBE /* iOS App */ = {
			isa = PBXNativeTarget;
			buildConfigurationList = 79CB11EB29DB4D9E0004CDBE /* Build configuration list for PBXNativeTarget "iOS App" */;
			buildPhases = (
				79CB11D929DB4D9D0004CDBE /* Sources */,
				79CB11DA29DB4D9D0004CDBE /* Frameworks */,
				79CB11DB29DB4D9D0004CDBE /* Resources */,
			);
			buildRules = (
			);
			dependencies = (
			);
			name = "iOS App";
			packageProductDependencies = (
				79CA473029DC2D9E009FA6C0 /* GPStorageKit */,
			);
			productName = "gp-swift-storage-kit-test";
			productReference = 79CB11DD29DB4D9D0004CDBE /* iOS App.app */;
			productType = "com.apple.product-type.application";
		};
/* End PBXNativeTarget section */

/* Begin PBXProject section */
		79CB11D529DB4D9D0004CDBE /* Project object */ = {
			isa = PBXProject;
			attributes = {
				BuildIndependentTargetsInParallel = 1;
				LastSwiftUpdateCheck = 1430;
				LastUpgradeCheck = 1430;
				TargetAttributes = {
					79CB11DC29DB4D9D0004CDBE = {
						CreatedOnToolsVersion = 14.3;
					};
				};
			};
			buildConfigurationList = 79CB11D829DB4D9D0004CDBE /* Build configuration list for PBXProject "gp-swift-storage-kit-test" */;
			compatibilityVersion = "Xcode 14.0";
			developmentRegion = en;
			hasScannedForEncodings = 0;
			knownRegions = (
				en,
				Base,
			);
			mainGroup = 79CB11D429DB4D9D0004CDBE;
			packageReferences = (
				79CA472F29DC2D9E009FA6C0 /* XCRemoteSwiftPackageReference "gp-swift-storage-kit" */,
			);
			productRefGroup = 79CB11DE29DB4D9D0004CDBE /* Products */;
			projectDirPath = "";
			projectRoot = "";
			targets = (
				79CB11DC29DB4D9D0004CDBE /* iOS App */,
			);
		};
/* End PBXProject section */

/* Begin PBXResourcesBuildPhase section */
		79CB11DB29DB4D9D0004CDBE /* Resources */ = {
			isa = PBXResourcesBuildPhase;
			buildActionMask = 2147483647;
			files = (
				791CEB4C29DC316900355099 /* README.md in Resources */,
				79A28CD629DC2E49005DEBBB /* Preview Assets.xcassets in Resources */,
				79A28CD529DC2E49005DEBBB /* Assets.xcassets in Resources */,
			);
			runOnlyForDeploymentPostprocessing = 0;
		};
/* End PBXResourcesBuildPhase section */

/* Begin PBXSourcesBuildPhase section */
		79CB11D929DB4D9D0004CDBE /* Sources */ = {
			isa = PBXSourcesBuildPhase;
			buildActionMask = 2147483647;
			files = (
				79A28CD829DC2E49005DEBBB /* GPUserDefaultValues+counter.swift in Sources */,
				79A28CD929DC2E49005DEBBB /* GPSimpleCounterView.swift in Sources */,
				79A28CDC29DC2E49005DEBBB /* GPContentView.swift in Sources */,
				79A28CDA29DC2E49005DEBBB /* GPComplexCounterView.swift in Sources */,
				79A28CDB29DC2E49005DEBBB /* GPApp.swift in Sources */,
				79A28CD729DC2E49005DEBBB /* GPCounterViewModel.swift in Sources */,
			);
			runOnlyForDeploymentPostprocessing = 0;
		};
/* End PBXSourcesBuildPhase section */

/* Begin XCBuildConfiguration section */
		79CB11E929DB4D9E0004CDBE /* Debug */ = {
			isa = XCBuildConfiguration;
			buildSettings = {
				ALWAYS_SEARCH_USER_PATHS = NO;
				CLANG_ANALYZER_NONNULL = YES;
				CLANG_ANALYZER_NUMBER_OBJECT_CONVERSION = YES_AGGRESSIVE;
				CLANG_CXX_LANGUAGE_STANDARD = "gnu++20";
				CLANG_ENABLE_MODULES = YES;
				CLANG_ENABLE_OBJC_ARC = YES;
				CLANG_ENABLE_OBJC_WEAK = YES;
				CLANG_WARN_BLOCK_CAPTURE_AUTORELEASING = YES;
				CLANG_WARN_BOOL_CONVERSION = YES;
				CLANG_WARN_COMMA = YES;
				CLANG_WARN_CONSTANT_CONVERSION = YES;
				CLANG_WARN_DEPRECATED_OBJC_IMPLEMENTATIONS = YES;
				CLANG_WARN_DIRECT_OBJC_ISA_USAGE = YES_ERROR;
				CLANG_WARN_DOCUMENTATION_COMMENTS = YES;
				CLANG_WARN_EMPTY_BODY = YES;
				CLANG_WARN_ENUM_CONVERSION = YES;
				CLANG_WARN_INFINITE_RECURSION = YES;
				CLANG_WARN_INT_CONVERSION = YES;
				CLANG_WARN_NON_LITERAL_NULL_CONVERSION = YES;
				CLANG_WARN_OBJC_IMPLICIT_RETAIN_SELF = YES;
				CLANG_WARN_OBJC_LITERAL_CONVERSION = YES;
				CLANG_WARN_OBJC_ROOT_CLASS = YES_ERROR;
				CLANG_WARN_QUOTED_INCLUDE_IN_FRAMEWORK_HEADER = YES;
				CLANG_WARN_RANGE_LOOP_ANALYSIS = YES;
				CLANG_WARN_STRICT_PROTOTYPES = YES;
				CLANG_WARN_SUSPICIOUS_MOVE = YES;
				CLANG_WARN_UNGUARDED_AVAILABILITY = YES_AGGRESSIVE;
				CLANG_WARN_UNREACHABLE_CODE = YES;
				CLANG_WARN__DUPLICATE_METHOD_MATCH = YES;
				COPY_PHASE_STRIP = NO;
				DEBUG_INFORMATION_FORMAT = dwarf;
				ENABLE_STRICT_OBJC_MSGSEND = YES;
				ENABLE_TESTABILITY = YES;
				GCC_C_LANGUAGE_STANDARD = gnu11;
				GCC_DYNAMIC_NO_PIC = NO;
				GCC_NO_COMMON_BLOCKS = YES;
				GCC_OPTIMIZATION_LEVEL = 0;
				GCC_PREPROCESSOR_DEFINITIONS = (
					"DEBUG=1",
					"$(inherited)",
				);
				GCC_WARN_64_TO_32_BIT_CONVERSION = YES;
				GCC_WARN_ABOUT_RETURN_TYPE = YES_ERROR;
				GCC_WARN_UNDECLARED_SELECTOR = YES;
				GCC_WARN_UNINITIALIZED_AUTOS = YES_AGGRESSIVE;
				GCC_WARN_UNUSED_FUNCTION = YES;
				GCC_WARN_UNUSED_VARIABLE = YES;
				IPHONEOS_DEPLOYMENT_TARGET = 16.4;
				MTL_ENABLE_DEBUG_INFO = INCLUDE_SOURCE;
				MTL_FAST_MATH = YES;
				ONLY_ACTIVE_ARCH = YES;
				SDKROOT = iphoneos;
				SWIFT_ACTIVE_COMPILATION_CONDITIONS = DEBUG;
				SWIFT_OPTIMIZATION_LEVEL = "-Onone";
			};
			name = Debug;
		};
		79CB11EA29DB4D9E0004CDBE /* Release */ = {
			isa = XCBuildConfiguration;
			buildSettings = {
				ALWAYS_SEARCH_USER_PATHS = NO;
				CLANG_ANALYZER_NONNULL = YES;
				CLANG_ANALYZER_NUMBER_OBJECT_CONVERSION = YES_AGGRESSIVE;
				CLANG_CXX_LANGUAGE_STANDARD = "gnu++20";
				CLANG_ENABLE_MODULES = YES;
				CLANG_ENABLE_OBJC_ARC = YES;
				CLANG_ENABLE_OBJC_WEAK = YES;
				CLANG_WARN_BLOCK_CAPTURE_AUTORELEASING = YES;
				CLANG_WARN_BOOL_CONVERSION = YES;
				CLANG_WARN_COMMA = YES;
				CLANG_WARN_CONSTANT_CONVERSION = YES;
				CLANG_WARN_DEPRECATED_OBJC_IMPLEMENTATIONS = YES;
				CLANG_WARN_DIRECT_OBJC_ISA_USAGE = YES_ERROR;
				CLANG_WARN_DOCUMENTATION_COMMENTS = YES;
				CLANG_WARN_EMPTY_BODY = YES;
				CLANG_WARN_ENUM_CONVERSION = YES;
				CLANG_WARN_INFINITE_RECURSION = YES;
				CLANG_WARN_INT_CONVERSION = YES;
				CLANG_WARN_NON_LITERAL_NULL_CONVERSION = YES;
				CLANG_WARN_OBJC_IMPLICIT_RETAIN_SELF = YES;
				CLANG_WARN_OBJC_LITERAL_CONVERSION = YES;
				CLANG_WARN_OBJC_ROOT_CLASS = YES_ERROR;
				CLANG_WARN_QUOTED_INCLUDE_IN_FRAMEWORK_HEADER = YES;
				CLANG_WARN_RANGE_LOOP_ANALYSIS = YES;
				CLANG_WARN_STRICT_PROTOTYPES = YES;
				CLANG_WARN_SUSPICIOUS_MOVE = YES;
				CLANG_WARN_UNGUARDED_AVAILABILITY = YES_AGGRESSIVE;
				CLANG_WARN_UNREACHABLE_CODE = YES;
				CLANG_WARN__DUPLICATE_METHOD_MATCH = YES;
				COPY_PHASE_STRIP = NO;
				DEBUG_INFORMATION_FORMAT = "dwarf-with-dsym";
				ENABLE_NS_ASSERTIONS = NO;
				ENABLE_STRICT_OBJC_MSGSEND = YES;
				GCC_C_LANGUAGE_STANDARD = gnu11;
				GCC_NO_COMMON_BLOCKS = YES;
				GCC_WARN_64_TO_32_BIT_CONVERSION = YES;
				GCC_WARN_ABOUT_RETURN_TYPE = YES_ERROR;
				GCC_WARN_UNDECLARED_SELECTOR = YES;
				GCC_WARN_UNINITIALIZED_AUTOS = YES_AGGRESSIVE;
				GCC_WARN_UNUSED_FUNCTION = YES;
				GCC_WARN_UNUSED_VARIABLE = YES;
				IPHONEOS_DEPLOYMENT_TARGET = 16.4;
				MTL_ENABLE_DEBUG_INFO = NO;
				MTL_FAST_MATH = YES;
				SDKROOT = iphoneos;
				SWIFT_COMPILATION_MODE = wholemodule;
				SWIFT_OPTIMIZATION_LEVEL = "-O";
				VALIDATE_PRODUCT = YES;
			};
			name = Release;
		};
		79CB11EC29DB4D9E0004CDBE /* Debug */ = {
			isa = XCBuildConfiguration;
			buildSettings = {
				ASSETCATALOG_COMPILER_APPICON_NAME = AppIcon;
				ASSETCATALOG_COMPILER_GLOBAL_ACCENT_COLOR_NAME = AccentColor;
				CODE_SIGN_STYLE = Automatic;
				CURRENT_PROJECT_VERSION = 1;
				DEVELOPMENT_ASSET_PATHS = "\"iOS App/Preview Content\"";
				DEVELOPMENT_TEAM = DE65J7Y35D;
				ENABLE_PREVIEWS = YES;
				GENERATE_INFOPLIST_FILE = YES;
				INFOPLIST_KEY_CFBundleDisplayName = GPStorageKitTest;
				INFOPLIST_KEY_LSApplicationCategoryType = "public.app-category.utilities";
				INFOPLIST_KEY_UIApplicationSceneManifest_Generation = YES;
				INFOPLIST_KEY_UIApplicationSupportsIndirectInputEvents = YES;
				INFOPLIST_KEY_UILaunchScreen_Generation = YES;
				INFOPLIST_KEY_UISupportedInterfaceOrientations = UIInterfaceOrientationPortrait;
				INFOPLIST_KEY_UISupportedInterfaceOrientations_iPad = "UIInterfaceOrientationLandscapeLeft UIInterfaceOrientationLandscapeRight UIInterfaceOrientationPortrait UIInterfaceOrientationPortraitUpsideDown";
				IPHONEOS_DEPLOYMENT_TARGET = 15.0;
				LD_RUNPATH_SEARCH_PATHS = (
					"$(inherited)",
					"@executable_path/Frameworks",
				);
				MARKETING_VERSION = 1.0;
				PRODUCT_BUNDLE_IDENTIFIER = "org.gpfister.gp-swift-storage-kit-test";
				PRODUCT_NAME = "$(TARGET_NAME)";
				SUPPORTED_PLATFORMS = "iphoneos iphonesimulator";
				SUPPORTS_MACCATALYST = NO;
				SUPPORTS_MAC_DESIGNED_FOR_IPHONE_IPAD = NO;
				SWIFT_EMIT_LOC_STRINGS = YES;
				SWIFT_VERSION = 5.0;
				TARGETED_DEVICE_FAMILY = 1;
			};
			name = Debug;
		};
		79CB11ED29DB4D9E0004CDBE /* Release */ = {
			isa = XCBuildConfiguration;
			buildSettings = {
				ASSETCATALOG_COMPILER_APPICON_NAME = AppIcon;
				ASSETCATALOG_COMPILER_GLOBAL_ACCENT_COLOR_NAME = AccentColor;
				CODE_SIGN_STYLE = Automatic;
				CURRENT_PROJECT_VERSION = 1;
				DEVELOPMENT_ASSET_PATHS = "\"iOS App/Preview Content\"";
				DEVELOPMENT_TEAM = DE65J7Y35D;
				ENABLE_PREVIEWS = YES;
				GENERATE_INFOPLIST_FILE = YES;
				INFOPLIST_KEY_CFBundleDisplayName = GPStorageKitTest;
				INFOPLIST_KEY_LSApplicationCategoryType = "public.app-category.utilities";
				INFOPLIST_KEY_UIApplicationSceneManifest_Generation = YES;
				INFOPLIST_KEY_UIApplicationSupportsIndirectInputEvents = YES;
				INFOPLIST_KEY_UILaunchScreen_Generation = YES;
				INFOPLIST_KEY_UISupportedInterfaceOrientations = UIInterfaceOrientationPortrait;
				INFOPLIST_KEY_UISupportedInterfaceOrientations_iPad = "UIInterfaceOrientationLandscapeLeft UIInterfaceOrientationLandscapeRight UIInterfaceOrientationPortrait UIInterfaceOrientationPortraitUpsideDown";
				IPHONEOS_DEPLOYMENT_TARGET = 15.0;
				LD_RUNPATH_SEARCH_PATHS = (
					"$(inherited)",
					"@executable_path/Frameworks",
				);
				MARKETING_VERSION = 1.0;
				PRODUCT_BUNDLE_IDENTIFIER = "org.gpfister.gp-swift-storage-kit-test";
				PRODUCT_NAME = "$(TARGET_NAME)";
				SUPPORTED_PLATFORMS = "iphoneos iphonesimulator";
				SUPPORTS_MACCATALYST = NO;
				SUPPORTS_MAC_DESIGNED_FOR_IPHONE_IPAD = NO;
				SWIFT_EMIT_LOC_STRINGS = YES;
				SWIFT_VERSION = 5.0;
				TARGETED_DEVICE_FAMILY = 1;
			};
			name = Release;
		};
/* End XCBuildConfiguration section */

/* Begin XCConfigurationList section */
		79CB11D829DB4D9D0004CDBE /* Build configuration list for PBXProject "gp-swift-storage-kit-test" */ = {
			isa = XCConfigurationList;
			buildConfigurations = (
				79CB11E929DB4D9E0004CDBE /* Debug */,
				79CB11EA29DB4D9E0004CDBE /* Release */,
			);
			defaultConfigurationIsVisible = 0;
			defaultConfigurationName = Release;
		};
		79CB11EB29DB4D9E0004CDBE /* Build configuration list for PBXNativeTarget "iOS App" */ = {
			isa = XCConfigurationList;
			buildConfigurations = (
				79CB11EC29DB4D9E0004CDBE /* Debug */,
				79CB11ED29DB4D9E0004CDBE /* Release */,
			);
			defaultConfigurationIsVisible = 0;
			defaultConfigurationName = Release;
		};
/* End XCConfigurationList section */

/* Begin XCRemoteSwiftPackageReference section */
		79CA472F29DC2D9E009FA6C0 /* XCRemoteSwiftPackageReference "gp-swift-storage-kit" */ = {
			isa = XCRemoteSwiftPackageReference;
			repositoryURL = "https://github.com/gpfister/gp-swift-storage-kit.git";
			requirement = {
				branch = master;
				kind = branch;
			};
		};
/* End XCRemoteSwiftPackageReference section */

/* Begin XCSwiftPackageProductDependency section */
		79CA473029DC2D9E009FA6C0 /* GPStorageKit */ = {
			isa = XCSwiftPackageProductDependency;
			package = 79CA472F29DC2D9E009FA6C0 /* XCRemoteSwiftPackageReference "gp-swift-storage-kit" */;
			productName = GPStorageKit;
		};
/* End XCSwiftPackageProductDependency section */
	};
	rootObject = 79CB11D529DB4D9D0004CDBE /* Project object */;
}
